{
  "version": 4,
  "terraform_version": "1.14.8",
  "serial": 42,
  "lineage": "368c025a-a74f-9482-a9a7-3b8e888fd7e2",
  "outputs": {
    "bastion_ip": {
      "value": "15.237.101.214",
      "type": "string"
    },
    "database_endpoint": {
      "value": "dev-wordpress-db.ctw02qi22i53.eu-west-3.rds.amazonaws.com:3306",
      "type": "string",
      "sensitive": true
    },
    "website_url": {
      "value": "http://dev-wordpress-alb-1420623777.eu-west-3.elb.amazonaws.com",
      "type": "string"
    }
  },
  "resources": [
    {
      "module": "module.compute",
      "mode": "data",
      "type": "aws_ami",
      "name": "ubuntu",
      "provider": "provider[\"registry.terraform.io/hashicorp/aws\"]",
      "instances": [
        {
          "schema_version": 0,
          "attributes": {
            "architecture": "x86_64",
            "arn": "arn:aws:ec2:eu-west-3::image/ami-0ad53ba8e49f41b76",
            "block_device_mappings": [
              {
                "device_name": "/dev/sda1",
                "ebs": {
                  "delete_on_termination": "true",
                  "encrypted": "false",
                  "iops": "0",
                  "snapshot_id": "snap-05315e295cd6dac39",
                  "throughput": "0",
                  "volume_initialization_rate": "0",
                  "volume_size": "8",
                  "volume_type": "gp2"
                },
                "no_device": "",
                "virtual_name": ""
              },
              {
                "device_name": "/dev/sdb",
                "ebs": {},
                "no_device": "",
                "virtual_name": "ephemeral0"
              },
              {
                "device_name": "/dev/sdc",
                "ebs": {},
                "no_device": "",
                "virtual_name": "ephemeral1"
              }
            ],
            "boot_mode": "uefi-preferred",
            "creation_date": "2026-03-20T06:58:40.000Z",
            "deprecation_time": "2028-03-20T06:58:40.000Z",
            "description": "Canonical, Ubuntu, 22.04, amd64 jammy image",
            "ena_support": true,
            "executable_users": null,
            "filter": [
              {
                "name": "name",
                "values": [
                  "ubuntu/images/hvm-ssd/ubuntu-*-amd64-server-*"
                ]
              },
              {
                "name": "virtualization-type",
                "values": [
                  "hvm"
                ]
              }
            ],
            "hypervisor": "xen",
            "id": "ami-0ad53ba8e49f41b76",
            "image_id": "ami-0ad53ba8e49f41b76",
            "image_location": "amazon/ubuntu/images/hvm-ssd/ubuntu-jammy-22.04-amd64-server-20260320",
            "image_owner_alias": "amazon",
            "image_type": "machine",
            "imds_support": "",
            "include_deprecated": false,
            "kernel_id": "",
            "last_launched_time": "",
            "most_recent": true,
            "name": "ubuntu/images/hvm-ssd/ubuntu-jammy-22.04-amd64-server-20260320",
            "name_regex": null,
            "owner_id": "099720109477",
            "owners": [
              "099720109477"
            ],
            "platform": "",
            "platform_details": "Linux/UNIX",
            "product_codes": [],
            "public": true,
            "ramdisk_id": "",
            "root_device_name": "/dev/sda1",
            "root_device_type": "ebs",
            "root_snapshot_id": "snap-05315e295cd6dac39",
            "sriov_net_support": "simple",
            "state": "available",
            "state_reason": {
              "code": "UNSET",
              "message": "UNSET"
            },
            "tags": {},
            "timeouts": null,
            "tpm_support": "",
            "uefi_data": null,
            "usage_operation": "RunInstances",
            "virtualization_type": "hvm"
          },
          "sensitive_attributes": [],
          "identity_schema_version": 0
        }
      ]
    },
    {
      "module": "module.compute",
      "mode": "data",
      "type": "aws_availability_zones",
      "name": "available",
      "provider": "provider[\"registry.terraform.io/hashicorp/aws\"]",
      "instances": [
        {
          "schema_version": 0,
          "attributes": {
            "all_availability_zones": null,
            "exclude_names": null,
            "exclude_zone_ids": null,
            "filter": null,
            "group_names": [
              "eu-west-3-zg-1"
            ],
            "id": "eu-west-3",
            "names": [
              "eu-west-3a",
              "eu-west-3b",
              "eu-west-3c"
            ],
            "state": "available",
            "timeouts": null,
            "zone_ids": [
              "euw3-az1",
              "euw3-az2",
              "euw3-az3"
            ]
          },
          "sensitive_attributes": [],
          "identity_schema_version": 0
        }
      ]
    },
    {
      "module": "module.compute",
      "mode": "managed",
      "type": "aws_autoscaling_group",
      "name": "wordpress",
      "provider": "provider[\"registry.terraform.io/hashicorp/aws\"]",
      "instances": [
        {
          "schema_version": 1,
          "attributes": {
            "arn": "arn:aws:autoscaling:eu-west-3:817437954266:autoScalingGroup:4de6141d-23ed-4ed4-bcb7-5fca6e0a0ed4:autoScalingGroupName/dev-wordpress-asg",
            "availability_zone_distribution": [
              {
                "capacity_distribution_strategy": "balanced-best-effort"
              }
            ],
            "availability_zones": [
              "eu-west-3a",
              "eu-west-3b"
            ],
            "capacity_rebalance": false,
            "capacity_reservation_specification": [
              {
                "capacity_reservation_preference": "default",
                "capacity_reservation_target": []
              }
            ],
            "context": "",
            "default_cooldown": 300,
            "default_instance_warmup": 0,
            "desired_capacity": 1,
            "desired_capacity_type": "",
            "enabled_metrics": null,
            "force_delete": false,
            "force_delete_warm_pool": false,
            "health_check_grace_period": 300,
            "health_check_type": "ELB",
            "id": "dev-wordpress-asg",
            "ignore_failed_scaling_activities": false,
            "initial_lifecycle_hook": [],
            "instance_maintenance_policy": [],
            "instance_refresh": [],
            "launch_configuration": "",
            "launch_template": [
              {
                "id": "lt-0f40bebf7b85fb422",
                "name": "dev-wordpress-20260329154238554600000002",
                "version": "$Latest"
              }
            ],
            "load_balancers": [],
            "max_instance_lifetime": 0,
            "max_size": 2,
            "metrics_granularity": "1Minute",
            "min_elb_capacity": null,
            "min_size": 1,
            "mixed_instances_policy": [],
            "name": "dev-wordpress-asg",
            "name_prefix": "",
            "placement_group": "",
            "predicted_capacity": 0,
            "protect_from_scale_in": false,
            "service_linked_role_arn": "arn:aws:iam::817437954266:role/aws-service-role/autoscaling.amazonaws.com/AWSServiceRoleForAutoScaling",
            "suspended_processes": null,
            "tag": [
              {
                "key": "Name",
                "propagate_at_launch": false,
                "value": "dev-wordpress-asg"
              }
            ],
            "target_group_arns": [
              "arn:aws:elasticloadbalancing:eu-west-3:817437954266:targetgroup/dev-wordpress-tg/c156d3eb5ba5b752"
            ],
            "termination_policies": null,
            "timeouts": null,
            "traffic_source": [
              {
                "identifier": "arn:aws:elasticloadbalancing:eu-west-3:817437954266:targetgroup/dev-wordpress-tg/c156d3eb5ba5b752",
                "type": "elbv2"
              }
            ],
            "vpc_zone_identifier": [
              "subnet-047baa3bc4e58a25a",
              "subnet-070fe3256e55e5e94"
            ],
            "wait_for_capacity_timeout": "10m",
            "wait_for_elb_capacity": null,
            "warm_pool": [],
            "warm_pool_size": 0
          },
          "sensitive_attributes": [],
          "identity_schema_version": 0,
          "private": "eyJlMmJmYjczMC1lY2FhLTExZTYtOGY4OC0zNDM2M2JjN2M0YzAiOnsiZGVsZXRlIjo2MDAwMDAwMDAwMDAsInVwZGF0ZSI6NjAwMDAwMDAwMDAwfSwic2NoZW1hX3ZlcnNpb24iOiIxIn0=",
          "dependencies": [
            "module.compute.aws_key_pair.deployer",
            "module.compute.aws_launch_template.wordpress",
            "module.compute.aws_security_group.bastion",
            "module.compute.aws_security_group.web",
            "module.compute.data.aws_ami.ubuntu",
            "module.database.aws_db_instance.wordpress",
            "module.database.aws_db_subnet_group.wordpress",
            "module.database.aws_security_group.rds",
            "module.loadbalancer.aws_lb_target_group.wordpress",
            "module.loadbalancer.aws_security_group.alb",
            "module.networking.aws_subnet.privat_subnet_a",
            "module.networking.aws_subnet.privat_subnet_b",
            "module.networking.aws_vpc.main"
          ],
          "create_before_destroy": true
        }
      ]
    },
    {
      "module": "module.compute",
      "mode": "managed",
      "type": "aws_instance",
      "name": "bastion",
      "provider": "provider[\"registry.terraform.io/hashicorp/aws\"]",
      "instances": [
        {
          "schema_version": 1,
          "attributes": {
            "ami": "ami-0ad53ba8e49f41b76",
            "arn": "arn:aws:ec2:eu-west-3:817437954266:instance/i-0e0f0834259eeb429",
            "associate_public_ip_address": true,
            "availability_zone": "eu-west-3a",
            "capacity_reservation_specification": [
              {
                "capacity_reservation_preference": "open",
                "capacity_reservation_target": []
              }
            ],
            "cpu_core_count": 1,
            "cpu_options": [
              {
                "amd_sev_snp": "",
                "core_count": 1,
                "threads_per_core": 2
              }
            ],
            "cpu_threads_per_core": 2,
            "credit_specification": [
              {
                "cpu_credits": "unlimited"
              }
            ],
            "disable_api_stop": false,
            "disable_api_termination": false,
            "ebs_block_device": [],
            "ebs_optimized": false,
            "enable_primary_ipv6": null,
            "enclave_options": [
              {
                "enabled": false
              }
            ],
            "ephemeral_block_device": [],
            "get_password_data": false,
            "hibernation": false,
            "host_id": "",
            "host_resource_group_arn": null,
            "iam_instance_profile": "",
            "id": "i-0e0f0834259eeb429",
            "instance_initiated_shutdown_behavior": "stop",
            "instance_lifecycle": "",
            "instance_market_options": [],
            "instance_state": "running",
            "instance_type": "t3.micro",
            "ipv6_address_count": 0,
            "ipv6_addresses": [],
            "key_name": "dev-deployer-key",
            "launch_template": [],
            "maintenance_options": [
              {
                "auto_recovery": "default"
              }
            ],
            "metadata_options": [
              {
                "http_endpoint": "enabled",
                "http_protocol_ipv6": "disabled",
                "http_put_response_hop_limit": 1,
                "http_tokens": "optional",
                "instance_metadata_tags": "disabled"
              }
            ],
            "monitoring": false,
            "network_interface": [],
            "outpost_arn": "",
            "password_data": "",
            "placement_group": "",
            "placement_partition_number": 0,
            "primary_network_interface_id": "eni-0b59261da819619f3",
            "private_dns": "ip-10-0-135-95.eu-west-3.compute.internal",
            "private_dns_name_options": [
              {
                "enable_resource_name_dns_a_record": false,
                "enable_resource_name_dns_aaaa_record": false,
                "hostname_type": "ip-name"
              }
            ],
            "private_ip": "10.0.135.95",
            "public_dns": "ec2-15-237-101-214.eu-west-3.compute.amazonaws.com",
            "public_ip": "15.237.101.214",
            "root_block_device": [
              {
                "delete_on_termination": true,
                "device_name": "/dev/sda1",
                "encrypted": false,
                "iops": 100,
                "kms_key_id": "",
                "tags": {},
                "tags_all": {},
                "throughput": 0,
                "volume_id": "vol-0df851c9708abb24b",
                "volume_size": 8,
                "volume_type": "gp2"
              }
            ],
            "secondary_private_ips": [],
            "security_groups": [],
            "source_dest_check": true,
            "spot_instance_request_id": "",
            "subnet_id": "subnet-0b31ebf77ee525715",
            "tags": {
              "Name": "dev-bastion-host"
            },
            "tags_all": {
              "Name": "dev-bastion-host"
            },
            "tenancy": "default",
            "timeouts": null,
            "user_data": null,
            "user_data_base64": null,
            "user_data_replace_on_change": false,
            "volume_tags": null,
            "vpc_security_group_ids": [
              "sg-09ad8854547adb911"
            ]
          },
          "sensitive_attributes": [],
          "identity_schema_version": 0,
          "private": "eyJlMmJmYjczMC1lY2FhLTExZTYtOGY4OC0zNDM2M2JjN2M0YzAiOnsiY3JlYXRlIjo2MDAwMDAwMDAwMDAsImRlbGV0ZSI6MTIwMDAwMDAwMDAwMCwicmVhZCI6OTAwMDAwMDAwMDAwLCJ1cGRhdGUiOjYwMDAwMDAwMDAwMH0sInNjaGVtYV92ZXJzaW9uIjoiMSJ9",
          "dependencies": [
            "module.compute.aws_key_pair.deployer",
            "module.compute.aws_security_group.bastion",
            "module.compute.data.aws_ami.ubuntu",
            "module.networking.aws_subnet.public_subnet_a",
            "module.networking.aws_subnet.public_subnet_b",
            "module.networking.aws_vpc.main"
          ]
        }
      ]
    },
    {
      "module": "module.compute",
      "mode": "managed",
      "type": "aws_key_pair",
      "name": "deployer",
      "provider": "provider[\"registry.terraform.io/hashicorp/aws\"]",
      "instances": [
        {
          "schema_version": 1,
          "attributes": {
            "arn": "arn:aws:ec2:eu-west-3:817437954266:key-pair/dev-deployer-key",
            "fingerprint": "0d:61:56:84:41:dd:1a:07:e1:dd:78:22:13:60:7b:cc",
            "id": "dev-deployer-key",
            "key_name": "dev-deployer-key",
            "key_name_prefix": "",
            "key_pair_id": "key-04ad43030a52960d1",
            "key_type": "rsa",
            "public_key": "ssh-rsa AAAAB3NzaC1yc2EAAAADAQABAAACAQC7i8bN+KdKaqpuNWMGNl9zFxtHbtyR1Lvidw1t/F/woY9RbaoWl0Qbx5VQ6d1ccrUVN+bmB5smgN3rujY3zLtfavMNaTYzStct7+kTpPZlEdOQLR36kCVnQzr0H6Pf+117HRHSF0HZ2h/2tzhkCas8XpVgSAK+5a3r0Ls507iBwMxs3aRPXc6klYiFa1OD3O1rLX1GdlOE2inZFcQB/Ga+yKENeFZ9DxrnsOxDrmYfbycpjjhatWVw7KXXxvwNboRuFb7LWssW0bd4H/2ci4EzV5p8qzqtYdTvlfiysj1f1xcGJNslpg0Z7hnn/0bZCuGJC3Eb83u9Ok32GfJsP4r9W7GTF1cQToxvAVNN7RCsEEt5/T6d7zn9UkvDyHMFx/Cc48lY64L9wAJyp0nnKQzoD78RGonuwQg6nh2luKrixx1Xj9xRv/RP7qDDYsIhUtyE39orgOXaVCBqpAgPc+knXt0J5JKQnoeyoT7c/qjLbMU9Ij6cloDZOoSmOwJ8sC+9H8HQSYFaaAXhVitgP3GjA3u+cFWPCzKvxZCQEgLuttU7Rhm1RxuZxQrWoZL5F0FD2UNuL8zjyrR2Ht0UTD+9YIlKQnJT2Z24SPmMRs4F1ljAyIu+kdXRTTc5MPl/yhRzjXKrRigqpA+Cx34nBPMFXLuhQGSIi52TxK0P/wlLCw== florian.munkelt@outlook.de",
            "tags": {},
            "tags_all": {}
          },
          "sensitive_attributes": [],
          "identity_schema_version": 0,
          "private": "eyJzY2hlbWFfdmVyc2lvbiI6IjEifQ==",
          "create_before_destroy": true
        }
      ]
    },
    {
      "module": "module.compute",
      "mode": "managed",
      "type": "aws_launch_template",
      "name": "wordpress",
      "provider": "provider[\"registry.terraform.io/hashicorp/aws\"]",
      "instances": [
        {
          "schema_version": 0,
          "attributes": {
            "arn": "arn:aws:ec2:eu-west-3:817437954266:launch-template/lt-0f40bebf7b85fb422",
            "block_device_mappings": [],
            "capacity_reservation_specification": [],
            "cpu_options": [],
            "credit_specification": [],
            "default_version": 1,
            "description": "",
            "disable_api_stop": false,
            "disable_api_termination": false,
            "ebs_optimized": "",
            "elastic_gpu_specifications": [],
            "elastic_inference_accelerator": [],
            "enclave_options": [],
            "hibernation_options": [],
            "iam_instance_profile": [],
            "id": "lt-0f40bebf7b85fb422",
            "image_id": "ami-0ad53ba8e49f41b76",
            "instance_initiated_shutdown_behavior": "",
            "instance_market_options": [],
            "instance_requirements": [],
            "instance_type": "t3.micro",
            "kernel_id": "",
            "key_name": "dev-deployer-key",
            "latest_version": 1,
            "license_specification": [],
            "maintenance_options": [],
            "metadata_options": [],
            "monitoring": [],
            "name": "dev-wordpress-20260329154238554600000002",
            "name_prefix": "dev-wordpress-",
            "network_interfaces": [],
            "placement": [],
            "private_dns_name_options": [],
            "ram_disk_id": "",
            "security_group_names": null,
            "tag_specifications": [
              {
                "resource_type": "instance",
                "tags": {
                  "Name": "dev-wordpress-instance"
                }
              }
            ],
            "tags": null,
            "tags_all": {},
            "update_default_version": null,
            "user_data": "IyEvYmluL2Jhc2gKYXB0LWdldCB1cGRhdGUKYXB0LWdldCBpbnN0YWxsIC15IGFwYWNoZTIgbXlzcWwtY2xpZW50IHBocCBwaHAtbXlzcWwgcGhwLWN1cmwgcGhwLWdkIHBocC1tYnN0cmluZyBwaHAteG1sIHBocC14bWxycGMKCiMgRG93bmxvYWQgV29yZFByZXNzCmNkIC90bXAKd2dldCBodHRwczovL3dvcmRwcmVzcy5vcmcvbGF0ZXN0LnRhci5negp0YXIgeHpmIGxhdGVzdC50YXIuZ3oKY3AgLVIgd29yZHByZXNzLyogL3Zhci93d3cvaHRtbC8Kcm0gL3Zhci93d3cvaHRtbC9pbmRleC5odG1sCgojIFdvcmRQcmVzcyBDb25maWd1cmF0aW9uCmNwIC92YXIvd3d3L2h0bWwvd3AtY29uZmlnLXNhbXBsZS5waHAgL3Zhci93d3cvaHRtbC93cC1jb25maWcucGhwCnNlZCAtaSAicy9kYXRhYmFzZV9uYW1lX2hlcmUvd29yZHByZXNzLyIgL3Zhci93d3cvaHRtbC93cC1jb25maWcucGhwCnNlZCAtaSAicy91c2VybmFtZV9oZXJlL2FkbWluLyIgL3Zhci93d3cvaHRtbC93cC1jb25maWcucGhwCnNlZCAtaSAicy9wYXNzd29yZF9oZXJlL3dvcmRwcmVzczEyMy8iIC92YXIvd3d3L2h0bWwvd3AtY29uZmlnLnBocApzZWQgLWkgInMvbG9jYWxob3N0L2Rldi13b3JkcHJlc3MtZGIuY3R3MDJxaTIyaTUzLmV1LXdlc3QtMy5yZHMuYW1hem9uYXdzLmNvbTozMzA2LyIgL3Zhci93d3cvaHRtbC93cC1jb25maWcucGhwCgojIFNldCBwZXJtaXNzaW9ucwpjaG93biAtUiB3d3ctZGF0YTp3d3ctZGF0YSAvdmFyL3d3dy9odG1sLwpjaG1vZCAtUiA3NTUgL3Zhci93d3cvaHRtbC8KCiMgU3RhcnQgQXBhY2hlCnN5c3RlbWN0bCBlbmFibGUgYXBhY2hlMgpzeXN0ZW1jdGwgc3RhcnQgYXBhY2hlMgo=",
            "vpc_security_group_ids": [
              "sg-0f874223f9ad110df"
            ]
          },
          "sensitive_attributes": [
            [
              {
                "type": "get_attr",
                "value": "user_data"
              }
            ]
          ],
          "identity_schema_version": 0,
          "private": "bnVsbA==",
          "dependencies": [
            "module.compute.aws_key_pair.deployer",
            "module.compute.aws_security_group.bastion",
            "module.compute.aws_security_group.web",
            "module.compute.data.aws_ami.ubuntu",
            "module.database.aws_db_instance.wordpress",
            "module.database.aws_db_subnet_group.wordpress",
            "module.database.aws_security_group.rds",
            "module.loadbalancer.aws_security_group.alb",
            "module.networking.aws_subnet.privat_subnet_a",
            "module.networking.aws_subnet.privat_subnet_b",
            "module.networking.aws_vpc.main"
          ],
          "create_before_destroy": true
        }
      ]
    },
    {
      "module": "module.compute",
      "mode": "managed",
      "type": "aws_security_group",
      "name": "bastion",
      "provider": "provider[\"registry.terraform.io/hashicorp/aws\"]",
      "instances": [
        {
          "schema_version": 1,
          "attributes": {
            "arn": "arn:aws:ec2:eu-west-3:817437954266:security-group/sg-09ad8854547adb911",
            "description": "Managed by Terraform",
            "egress": [
              {
                "cidr_blocks": [
                  "0.0.0.0/0"
                ],
                "description": "",
                "from_port": 0,
                "ipv6_cidr_blocks": [],
                "prefix_list_ids": [],
                "protocol": "-1",
                "security_groups": [],
                "self": false,
                "to_port": 0
              }
            ],
            "id": "sg-09ad8854547adb911",
            "ingress": [
              {
                "cidr_blocks": [
                  "0.0.0.0/0"
                ],
                "description": "",
                "from_port": 22,
                "ipv6_cidr_blocks": [],
                "prefix_list_ids": [],
                "protocol": "tcp",
                "security_groups": [],
                "self": false,
                "to_port": 22
              }
            ],
            "name": "dev-bastion-20260329150945370400000004",
            "name_prefix": "dev-bastion-",
            "owner_id": "817437954266",
            "revoke_rules_on_delete": false,
            "tags": {
              "Name": "dev-bastion-sg"
            },
            "tags_all": {
              "Name": "dev-bastion-sg"
            },
            "timeouts": null,
            "vpc_id": "vpc-085fe236eec2c02e9"
          },
          "sensitive_attributes": [],
          "identity_schema_version": 0,
          "private": "eyJlMmJmYjczMC1lY2FhLTExZTYtOGY4OC0zNDM2M2JjN2M0YzAiOnsiY3JlYXRlIjo2MDAwMDAwMDAwMDAsImRlbGV0ZSI6OTAwMDAwMDAwMDAwfSwic2NoZW1hX3ZlcnNpb24iOiIxIn0=",
          "dependencies": [
            "module.networking.aws_vpc.main"
          ],
          "create_before_destroy": true
        }
      ]
    },
    {
      "module": "module.compute",
      "mode": "managed",
      "type": "aws_security_group",
      "name": "web",
      "provider": "provider[\"registry.terraform.io/hashicorp/aws\"]",
      "instances": [
        {
          "schema_version": 1,
          "attributes": {
            "arn": "arn:aws:ec2:eu-west-3:817437954266:security-group/sg-0f874223f9ad110df",
            "description": "Managed by Terraform",
            "egress": [
              {
                "cidr_blocks": [
                  "0.0.0.0/0"
                ],
                "description": "",
                "from_port": 0,
                "ipv6_cidr_blocks": [],
                "prefix_list_ids": [],
                "protocol": "-1",
                "security_groups": [],
                "self": false,
                "to_port": 0
              }
            ],
            "id": "sg-0f874223f9ad110df",
            "ingress": [
              {
                "cidr_blocks": [],
                "description": "",
                "from_port": 22,
                "ipv6_cidr_blocks": [],
                "prefix_list_ids": [],
                "protocol": "tcp",
                "security_groups": [
                  "sg-09ad8854547adb911"
                ],
                "self": false,
                "to_port": 22
              },
              {
                "cidr_blocks": [],
                "description": "",
                "from_port": 80,
                "ipv6_cidr_blocks": [],
                "prefix_list_ids": [],
                "protocol": "tcp",
                "security_groups": [
                  "sg-02267b44620a89ce6"
                ],
                "self": false,
                "to_port": 80
              }
            ],
            "name": "dev-web-20260329150948452800000006",
            "name_prefix": "dev-web-",
            "owner_id": "817437954266",
            "revoke_rules_on_delete": false,
            "tags": {
              "Name": "dev-web-sg"
            },
            "tags_all": {
              "Name": "dev-web-sg"
            },
            "timeouts": null,
            "vpc_id": "vpc-085fe236eec2c02e9"
          },
          "sensitive_attributes": [],
          "identity_schema_version": 0,
          "private": "eyJlMmJmYjczMC1lY2FhLTExZTYtOGY4OC0zNDM2M2JjN2M0YzAiOnsiY3JlYXRlIjo2MDAwMDAwMDAwMDAsImRlbGV0ZSI6OTAwMDAwMDAwMDAwfSwic2NoZW1hX3ZlcnNpb24iOiIxIn0=",
          "dependencies": [
            "module.compute.aws_security_group.bastion",
            "module.loadbalancer.aws_security_group.alb",
            "module.networking.aws_vpc.main"
          ],
          "create_before_destroy": true
        }
      ]
    },
    {
      "module": "module.database",
      "mode": "managed",
      "type": "aws_db_instance",
      "name": "wordpress",
      "provider": "provider[\"registry.terraform.io/hashicorp/aws\"]",
      "instances": [
        {
          "schema_version": 2,
          "attributes": {
            "address": "dev-wordpress-db.ctw02qi22i53.eu-west-3.rds.amazonaws.com",
            "allocated_storage": 20,
            "allow_major_version_upgrade": null,
            "apply_immediately": false,
            "arn": "arn:aws:rds:eu-west-3:817437954266:db:dev-wordpress-db",
            "auto_minor_version_upgrade": true,
            "availability_zone": "eu-west-3a",
            "backup_retention_period": 0,
            "backup_target": "region",
            "backup_window": "03:00-04:00",
            "blue_green_update": [],
            "ca_cert_identifier": "rds-ca-rsa2048-g1",
            "character_set_name": "",
            "copy_tags_to_snapshot": false,
            "custom_iam_instance_profile": "",
            "customer_owned_ip_enabled": false,
            "database_insights_mode": "standard",
            "db_name": "wordpress",
            "db_subnet_group_name": "dev-wordpress-db-subnet-group",
            "dedicated_log_volume": false,
            "delete_automated_backups": true,
            "deletion_protection": false,
            "domain": "",
            "domain_auth_secret_arn": "",
            "domain_dns_ips": null,
            "domain_fqdn": "",
            "domain_iam_role_name": "",
            "domain_ou": "",
            "enabled_cloudwatch_logs_exports": null,
            "endpoint": "dev-wordpress-db.ctw02qi22i53.eu-west-3.rds.amazonaws.com:3306",
            "engine": "mysql",
            "engine_lifecycle_support": "open-source-rds-extended-support",
            "engine_version": "8.0",
            "engine_version_actual": "8.0.44",
            "final_snapshot_identifier": null,
            "hosted_zone_id": "ZMESEXB7ZGGQ3",
            "iam_database_authentication_enabled": false,
            "id": "db-S7KCAN4S3TFBTFNSM5OEDAMK7Q",
            "identifier": "dev-wordpress-db",
            "identifier_prefix": "",
            "instance_class": "db.t3.micro",
            "iops": 0,
            "kms_key_id": "arn:aws:kms:eu-west-3:817437954266:key/535bac52-87d8-48a6-985e-b95cbca4f7d5",
            "latest_restorable_time": "",
            "license_model": "general-public-license",
            "listener_endpoint": [],
            "maintenance_window": "sun:04:00-sun:05:00",
            "manage_master_user_password": null,
            "master_user_secret": [],
            "master_user_secret_kms_key_id": null,
            "max_allocated_storage": 100,
            "monitoring_interval": 0,
            "monitoring_role_arn": "",
            "multi_az": false,
            "nchar_character_set_name": "",
            "network_type": "IPV4",
            "option_group_name": "default:mysql-8-0",
            "parameter_group_name": "default.mysql8.0",
            "password": "wordpress123",
            "password_wo": null,
            "password_wo_version": null,
            "performance_insights_enabled": false,
            "performance_insights_kms_key_id": "",
            "performance_insights_retention_period": 0,
            "port": 3306,
            "publicly_accessible": false,
            "replica_mode": "",
            "replicas": [],
            "replicate_source_db": "",
            "resource_id": "db-S7KCAN4S3TFBTFNSM5OEDAMK7Q",
            "restore_to_point_in_time": [],
            "s3_import": [],
            "skip_final_snapshot": true,
            "snapshot_identifier": null,
            "status": "available",
            "storage_encrypted": true,
            "storage_throughput": 0,
            "storage_type": "gp2",
            "tags": {
              "Name": "dev-wordpress-db"
            },
            "tags_all": {
              "Name": "dev-wordpress-db"
            },
            "timeouts": null,
            "timezone": "",
            "upgrade_storage_config": null,
            "username": "admin",
            "vpc_security_group_ids": [
              "sg-0f4ab8d75d0afe189"
            ]
          },
          "sensitive_attributes": [
            [
              {
                "type": "get_attr",
                "value": "password"
              }
            ],
            [
              {
                "type": "get_attr",
                "value": "password_wo"
              }
            ]
          ],
          "identity_schema_version": 0,
          "private": "eyJlMmJmYjczMC1lY2FhLTExZTYtOGY4OC0zNDM2M2JjN2M0YzAiOnsiY3JlYXRlIjozMDAwMDAwMDAwMDAwLCJkZWxldGUiOjM2MDAwMDAwMDAwMDAsInVwZGF0ZSI6NDgwMDAwMDAwMDAwMH0sInNjaGVtYV92ZXJzaW9uIjoiMiJ9",
          "dependencies": [
            "module.compute.aws_security_group.bastion",
            "module.compute.aws_security_group.web",
            "module.database.aws_db_subnet_group.wordpress",
            "module.database.aws_security_group.rds",
            "module.loadbalancer.aws_security_group.alb",
            "module.networking.aws_subnet.privat_subnet_a",
            "module.networking.aws_subnet.privat_subnet_b",
            "module.networking.aws_vpc.main"
          ],
          "create_before_destroy": true
        }
      ]
    },
    {
      "module": "module.database",
      "mode": "managed",
      "type": "aws_db_subnet_group",
      "name": "wordpress",
      "provider": "provider[\"registry.terraform.io/hashicorp/aws\"]",
      "instances": [
        {
          "schema_version": 0,
          "attributes": {
            "arn": "arn:aws:rds:eu-west-3:817437954266:subgrp:dev-wordpress-db-subnet-group",
            "description": "Managed by Terraform",
            "id": "dev-wordpress-db-subnet-group",
            "name": "dev-wordpress-db-subnet-group",
            "name_prefix": "",
            "subnet_ids": [
              "subnet-047baa3bc4e58a25a",
              "subnet-070fe3256e55e5e94"
            ],
            "supported_network_types": [
              "IPV4"
            ],
            "tags": {
              "Name": "dev-wordpress-db-subnet-group"
            },
            "tags_all": {
              "Name": "dev-wordpress-db-subnet-group"
            },
            "vpc_id": "vpc-085fe236eec2c02e9"
          },
          "sensitive_attributes": [],
          "identity_schema_version": 0,
          "private": "bnVsbA==",
          "dependencies": [
            "module.networking.aws_subnet.privat_subnet_a",
            "module.networking.aws_subnet.privat_subnet_b",
            "module.networking.aws_vpc.main"
          ],
          "create_before_destroy": true
        }
      ]
    },
    {
      "module": "module.database",
      "mode": "managed",
      "type": "aws_security_group",
      "name": "rds",
      "provider": "provider[\"registry.terraform.io/hashicorp/aws\"]",
      "instances": [
        {
          "schema_version": 1,
          "attributes": {
            "arn": "arn:aws:ec2:eu-west-3:817437954266:security-group/sg-0f4ab8d75d0afe189",
            "description": "Managed by Terraform",
            "egress": [
              {
                "cidr_blocks": [
                  "0.0.0.0/0"
                ],
                "description": "",
                "from_port": 0,
                "ipv6_cidr_blocks": [],
                "prefix_list_ids": [],
                "protocol": "-1",
                "security_groups": [],
                "self": false,
                "to_port": 0
              }
            ],
            "id": "sg-0f4ab8d75d0afe189",
            "ingress": [
              {
                "cidr_blocks": [],
                "description": "",
                "from_port": 3306,
                "ipv6_cidr_blocks": [],
                "prefix_list_ids": [],
                "protocol": "tcp",
                "security_groups": [
                  "sg-0f874223f9ad110df"
                ],
                "self": false,
                "to_port": 3306
              }
            ],
            "name": "dev-rds-20260329150951160200000007",
            "name_prefix": "dev-rds-",
            "owner_id": "817437954266",
            "revoke_rules_on_delete": false,
            "tags": {
              "Name": "dev-rds-sg"
            },
            "tags_all": {
              "Name": "dev-rds-sg"
            },
            "timeouts": null,
            "vpc_id": "vpc-085fe236eec2c02e9"
          },
          "sensitive_attributes": [],
          "identity_schema_version": 0,
          "private": "eyJlMmJmYjczMC1lY2FhLTExZTYtOGY4OC0zNDM2M2JjN2M0YzAiOnsiY3JlYXRlIjo2MDAwMDAwMDAwMDAsImRlbGV0ZSI6OTAwMDAwMDAwMDAwfSwic2NoZW1hX3ZlcnNpb24iOiIxIn0=",
          "dependencies": [
            "module.compute.aws_security_group.bastion",
            "module.compute.aws_security_group.web",
            "module.loadbalancer.aws_security_group.alb",
            "module.networking.aws_vpc.main"
          ],
          "create_before_destroy": true
        }
      ]
    },
    {
      "module": "module.loadbalancer",
      "mode": "managed",
      "type": "aws_lb",
      "name": "main",
      "provider": "provider[\"registry.terraform.io/hashicorp/aws\"]",
      "instances": [
        {
          "schema_version": 0,
          "attributes": {
            "access_logs": [
              {
                "bucket": "",
                "enabled": false,
                "prefix": ""
              }
            ],
            "arn": "arn:aws:elasticloadbalancing:eu-west-3:817437954266:loadbalancer/app/dev-wordpress-alb/d6f58c224f3cd8ee",
            "arn_suffix": "app/dev-wordpress-alb/d6f58c224f3cd8ee",
            "client_keep_alive": 3600,
            "connection_logs": [
              {
                "bucket": "",
                "enabled": false,
                "prefix": ""
              }
            ],
            "customer_owned_ipv4_pool": "",
            "desync_mitigation_mode": "defensive",
            "dns_name": "dev-wordpress-alb-1420623777.eu-west-3.elb.amazonaws.com",
            "dns_record_client_routing_policy": null,
            "drop_invalid_header_fields": false,
            "enable_cross_zone_load_balancing": true,
            "enable_deletion_protection": false,
            "enable_http2": true,
            "enable_tls_version_and_cipher_suite_headers": false,
            "enable_waf_fail_open": false,
            "enable_xff_client_port": false,
            "enable_zonal_shift": false,
            "enforce_security_group_inbound_rules_on_private_link_traffic": "",
            "id": "arn:aws:elasticloadbalancing:eu-west-3:817437954266:loadbalancer/app/dev-wordpress-alb/d6f58c224f3cd8ee",
            "idle_timeout": 60,
            "internal": false,
            "ip_address_type": "ipv4",
            "ipam_pools": [],
            "load_balancer_type": "application",
            "minimum_load_balancer_capacity": [],
            "name": "dev-wordpress-alb",
            "name_prefix": "",
            "preserve_host_header": false,
            "security_groups": [
              "sg-02267b44620a89ce6"
            ],
            "subnet_mapping": [
              {
                "allocation_id": "",
                "ipv6_address": "",
                "outpost_id": "",
                "private_ipv4_address": "",
                "subnet_id": "subnet-017ac75d3a87a4eed"
              },
              {
                "allocation_id": "",
                "ipv6_address": "",
                "outpost_id": "",
                "private_ipv4_address": "",
                "subnet_id": "subnet-0b31ebf77ee525715"
              }
            ],
            "subnets": [
              "subnet-017ac75d3a87a4eed",
              "subnet-0b31ebf77ee525715"
            ],
            "tags": {
              "Name": "dev-wordpress-alb"
            },
            "tags_all": {
              "Name": "dev-wordpress-alb"
            },
            "timeouts": null,
            "vpc_id": "vpc-085fe236eec2c02e9",
            "xff_header_processing_mode": "append",
            "zone_id": "Z3Q77PNBQS71R4"
          },
          "sensitive_attributes": [],
          "identity_schema_version": 0,
          "private": "eyJlMmJmYjczMC1lY2FhLTExZTYtOGY4OC0zNDM2M2JjN2M0YzAiOnsiY3JlYXRlIjo2MDAwMDAwMDAwMDAsImRlbGV0ZSI6NjAwMDAwMDAwMDAwLCJ1cGRhdGUiOjYwMDAwMDAwMDAwMH19",
          "dependencies": [
            "module.loadbalancer.aws_security_group.alb",
            "module.networking.aws_subnet.public_subnet_a",
            "module.networking.aws_subnet.public_subnet_b",
            "module.networking.aws_vpc.main"
          ]
        }
      ]
    },
    {
      "module": "module.loadbalancer",
      "mode": "managed",
      "type": "aws_lb_listener",
      "name": "web",
      "provider": "provider[\"registry.terraform.io/hashicorp/aws\"]",
      "instances": [
        {
          "schema_version": 0,
          "attributes": {
            "alpn_policy": null,
            "arn": "arn:aws:elasticloadbalancing:eu-west-3:817437954266:listener/app/dev-wordpress-alb/d6f58c224f3cd8ee/e21561de9258c48b",
            "certificate_arn": null,
            "default_action": [
              {
                "authenticate_cognito": [],
                "authenticate_oidc": [],
                "fixed_response": [],
                "forward": [],
                "order": 1,
                "redirect": [],
                "target_group_arn": "arn:aws:elasticloadbalancing:eu-west-3:817437954266:targetgroup/dev-wordpress-tg/c156d3eb5ba5b752",
                "type": "forward"
              }
            ],
            "id": "arn:aws:elasticloadbalancing:eu-west-3:817437954266:listener/app/dev-wordpress-alb/d6f58c224f3cd8ee/e21561de9258c48b",
            "load_balancer_arn": "arn:aws:elasticloadbalancing:eu-west-3:817437954266:loadbalancer/app/dev-wordpress-alb/d6f58c224f3cd8ee",
            "mutual_authentication": [],
            "port": 80,
            "protocol": "HTTP",
            "routing_http_request_x_amzn_mtls_clientcert_header_name": null,
            "routing_http_request_x_amzn_mtls_clientcert_issuer_header_name": null,
            "routing_http_request_x_amzn_mtls_clientcert_leaf_header_name": null,
            "routing_http_request_x_amzn_mtls_clientcert_serial_number_header_name": null,
            "routing_http_request_x_amzn_mtls_clientcert_subject_header_name": null,
            "routing_http_request_x_amzn_mtls_clientcert_validity_header_name": null,
            "routing_http_request_x_amzn_tls_cipher_suite_header_name": null,
            "routing_http_request_x_amzn_tls_version_header_name": null,
            "routing_http_response_access_control_allow_credentials_header_value": "",
            "routing_http_response_access_control_allow_headers_header_value": "",
            "routing_http_response_access_control_allow_methods_header_value": "",
            "routing_http_response_access_control_allow_origin_header_value": "",
            "routing_http_response_access_control_expose_headers_header_value": "",
            "routing_http_response_access_control_max_age_header_value": "",
            "routing_http_response_content_security_policy_header_value": "",
            "routing_http_response_server_enabled": true,
            "routing_http_response_strict_transport_security_header_value": "",
            "routing_http_response_x_content_type_options_header_value": "",
            "routing_http_response_x_frame_options_header_value": "",
            "ssl_policy": "",
            "tags": {},
            "tags_all": {},
            "tcp_idle_timeout_seconds": null,
            "timeouts": null
          },
          "sensitive_attributes": [],
          "identity_schema_version": 0,
          "private": "eyJlMmJmYjczMC1lY2FhLTExZTYtOGY4OC0zNDM2M2JjN2M0YzAiOnsiY3JlYXRlIjozMDAwMDAwMDAwMDAsInVwZGF0ZSI6MzAwMDAwMDAwMDAwfX0=",
          "dependencies": [
            "module.loadbalancer.aws_lb.main",
            "module.loadbalancer.aws_lb_target_group.wordpress",
            "module.loadbalancer.aws_security_group.alb",
            "module.networking.aws_subnet.public_subnet_a",
            "module.networking.aws_subnet.public_subnet_b",
            "module.networking.aws_vpc.main"
          ]
        }
      ]
    },
    {
      "module": "module.loadbalancer",
      "mode": "managed",
      "type": "aws_lb_target_group",
      "name": "wordpress",
      "provider": "provider[\"registry.terraform.io/hashicorp/aws\"]",
      "instances": [
        {
          "schema_version": 0,
          "attributes": {
            "arn": "arn:aws:elasticloadbalancing:eu-west-3:817437954266:targetgroup/dev-wordpress-tg/c156d3eb5ba5b752",
            "arn_suffix": "targetgroup/dev-wordpress-tg/c156d3eb5ba5b752",
            "connection_termination": null,
            "deregistration_delay": "300",
            "health_check": [
              {
                "enabled": true,
                "healthy_threshold": 2,
                "interval": 30,
                "matcher": "200",
                "path": "/",
                "port": "traffic-port",
                "protocol": "HTTP",
                "timeout": 5,
                "unhealthy_threshold": 2
              }
            ],
            "id": "arn:aws:elasticloadbalancing:eu-west-3:817437954266:targetgroup/dev-wordpress-tg/c156d3eb5ba5b752",
            "ip_address_type": "ipv4",
            "lambda_multi_value_headers_enabled": false,
            "load_balancer_arns": [
              "arn:aws:elasticloadbalancing:eu-west-3:817437954266:loadbalancer/app/dev-wordpress-alb/d6f58c224f3cd8ee"
            ],
            "load_balancing_algorithm_type": "round_robin",
            "load_balancing_anomaly_mitigation": "off",
            "load_balancing_cross_zone_enabled": "use_load_balancer_configuration",
            "name": "dev-wordpress-tg",
            "name_prefix": "",
            "port": 80,
            "preserve_client_ip": null,
            "protocol": "HTTP",
            "protocol_version": "HTTP1",
            "proxy_protocol_v2": false,
            "slow_start": 0,
            "stickiness": [
              {
                "cookie_duration": 86400,
                "cookie_name": "",
                "enabled": false,
                "type": "lb_cookie"
              }
            ],
            "tags": {
              "Name": "dev-wordpress-tg"
            },
            "tags_all": {
              "Name": "dev-wordpress-tg"
            },
            "target_failover": [
              {
                "on_deregistration": null,
                "on_unhealthy": null
              }
            ],
            "target_group_health": [
              {
                "dns_failover": [
                  {
                    "minimum_healthy_targets_count": "1",
                    "minimum_healthy_targets_percentage": "off"
                  }
                ],
                "unhealthy_state_routing": [
                  {
                    "minimum_healthy_targets_count": 1,
                    "minimum_healthy_targets_percentage": "off"
                  }
                ]
              }
            ],
            "target_health_state": [
              {
                "enable_unhealthy_connection_termination": null,
                "unhealthy_draining_interval": null
              }
            ],
            "target_type": "instance",
            "vpc_id": "vpc-085fe236eec2c02e9"
          },
          "sensitive_attributes": [],
          "identity_schema_version": 0,
          "private": "bnVsbA==",
          "dependencies": [
            "module.networking.aws_vpc.main"
          ],
          "create_before_destroy": true
        }
      ]
    },
    {
      "module": "module.loadbalancer",
      "mode": "managed",
      "type": "aws_security_group",
      "name": "alb",
      "provider": "provider[\"registry.terraform.io/hashicorp/aws\"]",
      "instances": [
        {
          "schema_version": 1,
          "attributes": {
            "arn": "arn:aws:ec2:eu-west-3:817437954266:security-group/sg-02267b44620a89ce6",
            "description": "Managed by Terraform",
            "egress": [
              {
                "cidr_blocks": [
                  "0.0.0.0/0"
                ],
                "description": "",
                "from_port": 0,
                "ipv6_cidr_blocks": [],
                "prefix_list_ids": [],
                "protocol": "-1",
                "security_groups": [],
                "self": false,
                "to_port": 0
              }
            ],
            "id": "sg-02267b44620a89ce6",
            "ingress": [
              {
                "cidr_blocks": [
                  "0.0.0.0/0"
                ],
                "description": "",
                "from_port": 80,
                "ipv6_cidr_blocks": [],
                "prefix_list_ids": [],
                "protocol": "tcp",
                "security_groups": [],
                "self": false,
                "to_port": 80
              }
            ],
            "name": "dev-alb-20260329150945830000000005",
            "name_prefix": "dev-alb-",
            "owner_id": "817437954266",
            "revoke_rules_on_delete": false,
            "tags": {
              "Name": "dev-alb-sg"
            },
            "tags_all": {
              "Name": "dev-alb-sg"
            },
            "timeouts": null,
            "vpc_id": "vpc-085fe236eec2c02e9"
          },
          "sensitive_attributes": [],
          "identity_schema_version": 0,
          "private": "eyJlMmJmYjczMC1lY2FhLTExZTYtOGY4OC0zNDM2M2JjN2M0YzAiOnsiY3JlYXRlIjo2MDAwMDAwMDAwMDAsImRlbGV0ZSI6OTAwMDAwMDAwMDAwfSwic2NoZW1hX3ZlcnNpb24iOiIxIn0=",
          "dependencies": [
            "module.networking.aws_vpc.main"
          ],
          "create_before_destroy": true
        }
      ]
    },
    {
      "module": "module.networking",
      "mode": "managed",
      "type": "aws_eip",
      "name": "nat_a",
      "provider": "provider[\"registry.terraform.io/hashicorp/aws\"]",
      "instances": [
        {
          "schema_version": 0,
          "attributes": {
            "address": null,
            "allocation_id": "eipalloc-014ce06933c2f6f42",
            "arn": "arn:aws:ec2:eu-west-3:817437954266:elastic-ip/eipalloc-014ce06933c2f6f42",
            "associate_with_private_ip": null,
            "association_id": "eipassoc-0551b0b42df7b2ff1",
            "carrier_ip": "",
            "customer_owned_ip": "",
            "customer_owned_ipv4_pool": "",
            "domain": "vpc",
            "id": "eipalloc-014ce06933c2f6f42",
            "instance": "",
            "ipam_pool_id": null,
            "network_border_group": "eu-west-3",
            "network_interface": "eni-06f0523c10ab5de66",
            "private_dns": "ip-10-0-128-232.eu-west-3.compute.internal",
            "private_ip": "10.0.128.232",
            "ptr_record": "",
            "public_dns": "ec2-13-39-248-157.eu-west-3.compute.amazonaws.com",
            "public_ip": "13.39.248.157",
            "public_ipv4_pool": "amazon",
            "tags": {
              "Environment": "dev",
              "Name": "dev-eip-nat-a"
            },
            "tags_all": {
              "Environment": "dev",
              "Name": "dev-eip-nat-a"
            },
            "timeouts": null,
            "vpc": true
          },
          "sensitive_attributes": [],
          "identity_schema_version": 0,
          "private": "eyJlMmJmYjczMC1lY2FhLTExZTYtOGY4OC0zNDM2M2JjN2M0YzAiOnsiZGVsZXRlIjoxODAwMDAwMDAwMDAsInJlYWQiOjkwMDAwMDAwMDAwMCwidXBkYXRlIjozMDAwMDAwMDAwMDB9fQ==",
          "dependencies": [
            "module.networking.aws_internet_gateway.gw",
            "module.networking.aws_vpc.main"
          ]
        }
      ]
    },
    {
      "module": "module.networking",
      "mode": "managed",
      "type": "aws_eip",
      "name": "nat_b",
      "provider": "provider[\"registry.terraform.io/hashicorp/aws\"]",
      "instances": [
        {
          "schema_version": 0,
          "attributes": {
            "address": null,
            "allocation_id": "eipalloc-0411dab9cf60cfbf0",
            "arn": "arn:aws:ec2:eu-west-3:817437954266:elastic-ip/eipalloc-0411dab9cf60cfbf0",
            "associate_with_private_ip": null,
            "association_id": "eipassoc-04725737760a095de",
            "carrier_ip": "",
            "customer_owned_ip": "",
            "customer_owned_ipv4_pool": "",
            "domain": "vpc",
            "id": "eipalloc-0411dab9cf60cfbf0",
            "instance": "",
            "ipam_pool_id": null,
            "network_border_group": "eu-west-3",
            "network_interface": "eni-087310fcdc0ff0bea",
            "private_dns": "ip-10-0-159-67.eu-west-3.compute.internal",
            "private_ip": "10.0.159.67",
            "ptr_record": "",
            "public_dns": "ec2-15-224-55-251.eu-west-3.compute.amazonaws.com",
            "public_ip": "15.224.55.251",
            "public_ipv4_pool": "amazon",
            "tags": {
              "Environment": "dev",
              "Name": "dev-eip-nat-b"
            },
            "tags_all": {
              "Environment": "dev",
              "Name": "dev-eip-nat-b"
            },
            "timeouts": null,
            "vpc": true
          },
          "sensitive_attributes": [],
          "identity_schema_version": 0,
          "private": "eyJlMmJmYjczMC1lY2FhLTExZTYtOGY4OC0zNDM2M2JjN2M0YzAiOnsiZGVsZXRlIjoxODAwMDAwMDAwMDAsInJlYWQiOjkwMDAwMDAwMDAwMCwidXBkYXRlIjozMDAwMDAwMDAwMDB9fQ==",
          "dependencies": [
            "module.networking.aws_internet_gateway.gw",
            "module.networking.aws_vpc.main"
          ]
        }
      ]
    },
    {
      "module": "module.networking",
      "mode": "managed",
      "type": "aws_internet_gateway",
      "name": "gw",
      "provider": "provider[\"registry.terraform.io/hashicorp/aws\"]",
      "instances": [
        {
          "schema_version": 0,
          "attributes": {
            "arn": "arn:aws:ec2:eu-west-3:817437954266:internet-gateway/igw-07cbac66e208c7d39",
            "id": "igw-07cbac66e208c7d39",
            "owner_id": "817437954266",
            "tags": {
              "Environment": "dev",
              "Name": "dev-igw"
            },
            "tags_all": {
              "Environment": "dev",
              "Name": "dev-igw"
            },
            "timeouts": null,
            "vpc_id": "vpc-085fe236eec2c02e9"
          },
          "sensitive_attributes": [],
          "identity_schema_version": 0,
          "private": "eyJlMmJmYjczMC1lY2FhLTExZTYtOGY4OC0zNDM2M2JjN2M0YzAiOnsiY3JlYXRlIjoxMjAwMDAwMDAwMDAwLCJkZWxldGUiOjEyMDAwMDAwMDAwMDAsInVwZGF0ZSI6MTIwMDAwMDAwMDAwMH19",
          "dependencies": [
            "module.networking.aws_vpc.main"
          ]
        }
      ]
    },
    {
      "module": "module.networking",
      "mode": "managed",
      "type": "aws_nat_gateway",
      "name": "nat_public_a",
      "provider": "provider[\"registry.terraform.io/hashicorp/aws\"]",
      "instances": [
        {
          "schema_version": 0,
          "attributes": {
            "allocation_id": "eipalloc-014ce06933c2f6f42",
            "association_id": "eipassoc-0551b0b42df7b2ff1",
            "connectivity_type": "public",
            "id": "nat-0b70f22b67665d708",
            "network_interface_id": "eni-06f0523c10ab5de66",
            "private_ip": "10.0.128.232",
            "public_ip": "13.39.248.157",
            "secondary_allocation_ids": [],
            "secondary_private_ip_address_count": 0,
            "secondary_private_ip_addresses": [],
            "subnet_id": "subnet-0b31ebf77ee525715",
            "tags": {
              "Environment": "dev",
              "Name": "dev-nat-gateway-a"
            },
            "tags_all": {
              "Environment": "dev",
              "Name": "dev-nat-gateway-a"
            },
            "timeouts": null
          },
          "sensitive_attributes": [],
          "identity_schema_version": 0,
          "private": "eyJlMmJmYjczMC1lY2FhLTExZTYtOGY4OC0zNDM2M2JjN2M0YzAiOnsiY3JlYXRlIjo2MDAwMDAwMDAwMDAsImRlbGV0ZSI6MTgwMDAwMDAwMDAwMCwidXBkYXRlIjo2MDAwMDAwMDAwMDB9fQ==",
          "dependencies": [
            "module.networking.aws_eip.nat_a",
            "module.networking.aws_internet_gateway.gw",
            "module.networking.aws_subnet.public_subnet_a",
            "module.networking.aws_vpc.main"
          ]
        }
      ]
    },
    {
      "module": "module.networking",
      "mode": "managed",
      "type": "aws_nat_gateway",
      "name": "nat_public_b",
      "provider": "provider[\"registry.terraform.io/hashicorp/aws\"]",
      "instances": [
        {
          "schema_version": 0,
          "attributes": {
            "allocation_id": "eipalloc-0411dab9cf60cfbf0",
            "association_id": "eipassoc-04725737760a095de",
            "connectivity_type": "public",
            "id": "nat-034c82c598fb9bd4d",
            "network_interface_id": "eni-087310fcdc0ff0bea",
            "private_ip": "10.0.159.67",
            "public_ip": "15.224.55.251",
            "secondary_allocation_ids": [],
            "secondary_private_ip_address_count": 0,
            "secondary_private_ip_addresses": [],
            "subnet_id": "subnet-017ac75d3a87a4eed",
            "tags": {
              "Environment": "dev",
              "Name": "dev-nat-gateway-b"
            },
            "tags_all": {
              "Environment": "dev",
              "Name": "dev-nat-gateway-b"
            },
            "timeouts": null
          },
          "sensitive_attributes": [],
          "identity_schema_version": 0,
          "private": "eyJlMmJmYjczMC1lY2FhLTExZTYtOGY4OC0zNDM2M2JjN2M0YzAiOnsiY3JlYXRlIjo2MDAwMDAwMDAwMDAsImRlbGV0ZSI6MTgwMDAwMDAwMDAwMCwidXBkYXRlIjo2MDAwMDAwMDAwMDB9fQ==",
          "dependencies": [
            "module.networking.aws_eip.nat_b",
            "module.networking.aws_internet_gateway.gw",
            "module.networking.aws_subnet.public_subnet_b",
            "module.networking.aws_vpc.main"
          ]
        }
      ]
    },
    {
      "module": "module.networking",
      "mode": "managed",
      "type": "aws_route",
      "name": "route_igw",
      "provider": "provider[\"registry.terraform.io/hashicorp/aws\"]",
      "instances": [
        {
          "schema_version": 0,
          "attributes": {
            "carrier_gateway_id": "",
            "core_network_arn": "",
            "destination_cidr_block": "0.0.0.0/0",
            "destination_ipv6_cidr_block": "",
            "destination_prefix_list_id": "",
            "egress_only_gateway_id": "",
            "gateway_id": "igw-07cbac66e208c7d39",
            "id": "r-rtb-08830067708d8acc81080289494",
            "instance_id": "",
            "instance_owner_id": "",
            "local_gateway_id": "",
            "nat_gateway_id": "",
            "network_interface_id": "",
            "origin": "CreateRoute",
            "route_table_id": "rtb-08830067708d8acc8",
            "state": "active",
            "timeouts": null,
            "transit_gateway_id": "",
            "vpc_endpoint_id": "",
            "vpc_peering_connection_id": ""
          },
          "sensitive_attributes": [],
          "identity_schema_version": 0,
          "private": "eyJlMmJmYjczMC1lY2FhLTExZTYtOGY4OC0zNDM2M2JjN2M0YzAiOnsiY3JlYXRlIjozMDAwMDAwMDAwMDAsImRlbGV0ZSI6MzAwMDAwMDAwMDAwLCJ1cGRhdGUiOjEyMDAwMDAwMDAwMH19",
          "dependencies": [
            "module.networking.aws_internet_gateway.gw",
            "module.networking.aws_route_table.rtb_public",
            "module.networking.aws_vpc.main"
          ]
        }
      ]
    },
    {
      "module": "module.networking",
      "mode": "managed",
      "type": "aws_route",
      "name": "route_nat_a",
      "provider": "provider[\"registry.terraform.io/hashicorp/aws\"]",
      "instances": [
        {
          "schema_version": 0,
          "attributes": {
            "carrier_gateway_id": "",
            "core_network_arn": "",
            "destination_cidr_block": "0.0.0.0/0",
            "destination_ipv6_cidr_block": "",
            "destination_prefix_list_id": "",
            "egress_only_gateway_id": "",
            "gateway_id": "",
            "id": "r-rtb-0cd9d69ffb990838a1080289494",
            "instance_id": "",
            "instance_owner_id": "",
            "local_gateway_id": "",
            "nat_gateway_id": "nat-0b70f22b67665d708",
            "network_interface_id": "",
            "origin": "CreateRoute",
            "route_table_id": "rtb-0cd9d69ffb990838a",
            "state": "active",
            "timeouts": null,
            "transit_gateway_id": "",
            "vpc_endpoint_id": "",
            "vpc_peering_connection_id": ""
          },
          "sensitive_attributes": [],
          "identity_schema_version": 0,
          "private": "eyJlMmJmYjczMC1lY2FhLTExZTYtOGY4OC0zNDM2M2JjN2M0YzAiOnsiY3JlYXRlIjozMDAwMDAwMDAwMDAsImRlbGV0ZSI6MzAwMDAwMDAwMDAwLCJ1cGRhdGUiOjEyMDAwMDAwMDAwMH19",
          "dependencies": [
            "module.networking.aws_eip.nat_a",
            "module.networking.aws_internet_gateway.gw",
            "module.networking.aws_nat_gateway.nat_public_a",
            "module.networking.aws_route_table.nat_public_a",
            "module.networking.aws_subnet.public_subnet_a",
            "module.networking.aws_vpc.main"
          ]
        }
      ]
    },
    {
      "module": "module.networking",
      "mode": "managed",
      "type": "aws_route",
      "name": "route_nat_b",
      "provider": "provider[\"registry.terraform.io/hashicorp/aws\"]",
      "instances": [
        {
          "schema_version": 0,
          "attributes": {
            "carrier_gateway_id": "",
            "core_network_arn": "",
            "destination_cidr_block": "0.0.0.0/0",
            "destination_ipv6_cidr_block": "",
            "destination_prefix_list_id": "",
            "egress_only_gateway_id": "",
            "gateway_id": "",
            "id": "r-rtb-038a3dbf1493c54901080289494",
            "instance_id": "",
            "instance_owner_id": "",
            "local_gateway_id": "",
            "nat_gateway_id": "nat-034c82c598fb9bd4d",
            "network_interface_id": "",
            "origin": "CreateRoute",
            "route_table_id": "rtb-038a3dbf1493c5490",
            "state": "active",
            "timeouts": null,
            "transit_gateway_id": "",
            "vpc_endpoint_id": "",
            "vpc_peering_connection_id": ""
          },
          "sensitive_attributes": [],
          "identity_schema_version": 0,
          "private": "eyJlMmJmYjczMC1lY2FhLTExZTYtOGY4OC0zNDM2M2JjN2M0YzAiOnsiY3JlYXRlIjozMDAwMDAwMDAwMDAsImRlbGV0ZSI6MzAwMDAwMDAwMDAwLCJ1cGRhdGUiOjEyMDAwMDAwMDAwMH19",
          "dependencies": [
            "module.networking.aws_eip.nat_b",
            "module.networking.aws_internet_gateway.gw",
            "module.networking.aws_nat_gateway.nat_public_b",
            "module.networking.aws_route_table.nat_public_b",
            "module.networking.aws_subnet.public_subnet_b",
            "module.networking.aws_vpc.main"
          ]
        }
      ]
    },
    {
      "module": "module.networking",
      "mode": "managed",
      "type": "aws_route_table",
      "name": "nat_public_a",
      "provider": "provider[\"registry.terraform.io/hashicorp/aws\"]",
      "instances": [
        {
          "schema_version": 0,
          "attributes": {
            "arn": "arn:aws:ec2:eu-west-3:817437954266:route-table/rtb-0cd9d69ffb990838a",
            "id": "rtb-0cd9d69ffb990838a",
            "owner_id": "817437954266",
            "propagating_vgws": [],
            "route": [
              {
                "carrier_gateway_id": "",
                "cidr_block": "0.0.0.0/0",
                "core_network_arn": "",
                "destination_prefix_list_id": "",
                "egress_only_gateway_id": "",
                "gateway_id": "",
                "ipv6_cidr_block": "",
                "local_gateway_id": "",
                "nat_gateway_id": "nat-0b70f22b67665d708",
                "network_interface_id": "",
                "transit_gateway_id": "",
                "vpc_endpoint_id": "",
                "vpc_peering_connection_id": ""
              }
            ],
            "tags": {
              "Environment": "dev",
              "Name": "dev-private-rt-a",
              "Type": "Private"
            },
            "tags_all": {
              "Environment": "dev",
              "Name": "dev-private-rt-a",
              "Type": "Private"
            },
            "timeouts": null,
            "vpc_id": "vpc-085fe236eec2c02e9"
          },
          "sensitive_attributes": [],
          "identity_schema_version": 0,
          "private": "eyJlMmJmYjczMC1lY2FhLTExZTYtOGY4OC0zNDM2M2JjN2M0YzAiOnsiY3JlYXRlIjozMDAwMDAwMDAwMDAsImRlbGV0ZSI6MzAwMDAwMDAwMDAwLCJ1cGRhdGUiOjEyMDAwMDAwMDAwMH19",
          "dependencies": [
            "module.networking.aws_vpc.main"
          ]
        }
      ]
    },
    {
      "module": "module.networking",
      "mode": "managed",
      "type": "aws_route_table",
      "name": "nat_public_b",
      "provider": "provider[\"registry.terraform.io/hashicorp/aws\"]",
      "instances": [
        {
          "schema_version": 0,
          "attributes": {
            "arn": "arn:aws:ec2:eu-west-3:817437954266:route-table/rtb-038a3dbf1493c5490",
            "id": "rtb-038a3dbf1493c5490",
            "owner_id": "817437954266",
            "propagating_vgws": [],
            "route": [
              {
                "carrier_gateway_id": "",
                "cidr_block": "0.0.0.0/0",
                "core_network_arn": "",
                "destination_prefix_list_id": "",
                "egress_only_gateway_id": "",
                "gateway_id": "",
                "ipv6_cidr_block": "",
                "local_gateway_id": "",
                "nat_gateway_id": "nat-034c82c598fb9bd4d",
                "network_interface_id": "",
                "transit_gateway_id": "",
                "vpc_endpoint_id": "",
                "vpc_peering_connection_id": ""
              }
            ],
            "tags": {
              "Environment": "dev",
              "Name": "dev-private-rt-b",
              "Type": "Private"
            },
            "tags_all": {
              "Environment": "dev",
              "Name": "dev-private-rt-b",
              "Type": "Private"
            },
            "timeouts": null,
            "vpc_id": "vpc-085fe236eec2c02e9"
          },
          "sensitive_attributes": [],
          "identity_schema_version": 0,
          "private": "eyJlMmJmYjczMC1lY2FhLTExZTYtOGY4OC0zNDM2M2JjN2M0YzAiOnsiY3JlYXRlIjozMDAwMDAwMDAwMDAsImRlbGV0ZSI6MzAwMDAwMDAwMDAwLCJ1cGRhdGUiOjEyMDAwMDAwMDAwMH19",
          "dependencies": [
            "module.networking.aws_vpc.main"
          ]
        }
      ]
    },
    {
      "module": "module.networking",
      "mode": "managed",
      "type": "aws_route_table",
      "name": "rtb_public",
      "provider": "provider[\"registry.terraform.io/hashicorp/aws\"]",
      "instances": [
        {
          "schema_version": 0,
          "attributes": {
            "arn": "arn:aws:ec2:eu-west-3:817437954266:route-table/rtb-08830067708d8acc8",
            "id": "rtb-08830067708d8acc8",
            "owner_id": "817437954266",
            "propagating_vgws": [],
            "route": [
              {
                "carrier_gateway_id": "",
                "cidr_block": "0.0.0.0/0",
                "core_network_arn": "",
                "destination_prefix_list_id": "",
                "egress_only_gateway_id": "",
                "gateway_id": "igw-07cbac66e208c7d39",
                "ipv6_cidr_block": "",
                "local_gateway_id": "",
                "nat_gateway_id": "",
                "network_interface_id": "",
                "transit_gateway_id": "",
                "vpc_endpoint_id": "",
                "vpc_peering_connection_id": ""
              }
            ],
            "tags": {
              "Environment": "dev",
              "Name": "dev-public-rt",
              "Type": "Public"
            },
            "tags_all": {
              "Environment": "dev",
              "Name": "dev-public-rt",
              "Type": "Public"
            },
            "timeouts": null,
            "vpc_id": "vpc-085fe236eec2c02e9"
          },
          "sensitive_attributes": [],
          "identity_schema_version": 0,
          "private": "eyJlMmJmYjczMC1lY2FhLTExZTYtOGY4OC0zNDM2M2JjN2M0YzAiOnsiY3JlYXRlIjozMDAwMDAwMDAwMDAsImRlbGV0ZSI6MzAwMDAwMDAwMDAwLCJ1cGRhdGUiOjEyMDAwMDAwMDAwMH19",
          "dependencies": [
            "module.networking.aws_vpc.main"
          ]
        }
      ]
    },
    {
      "module": "module.networking",
      "mode": "managed",
      "type": "aws_route_table_association",
      "name": "rta_nat_a_association",
      "provider": "provider[\"registry.terraform.io/hashicorp/aws\"]",
      "instances": [
        {
          "schema_version": 0,
          "attributes": {
            "gateway_id": "",
            "id": "rtbassoc-0687dd5a4b1de67a8",
            "route_table_id": "rtb-0cd9d69ffb990838a",
            "subnet_id": "subnet-047baa3bc4e58a25a",
            "timeouts": null
          },
          "sensitive_attributes": [],
          "identity_schema_version": 0,
          "private": "eyJlMmJmYjczMC1lY2FhLTExZTYtOGY4OC0zNDM2M2JjN2M0YzAiOnsiY3JlYXRlIjozMDAwMDAwMDAwMDAsImRlbGV0ZSI6MzAwMDAwMDAwMDAwLCJ1cGRhdGUiOjEyMDAwMDAwMDAwMH19",
          "dependencies": [
            "module.networking.aws_route_table.nat_public_a",
            "module.networking.aws_subnet.privat_subnet_a",
            "module.networking.aws_vpc.main"
          ]
        }
      ]
    },
    {
      "module": "module.networking",
      "mode": "managed",
      "type": "aws_route_table_association",
      "name": "rta_nat_b_association",
      "provider": "provider[\"registry.terraform.io/hashicorp/aws\"]",
      "instances": [
        {
          "schema_version": 0,
          "attributes": {
            "gateway_id": "",
            "id": "rtbassoc-0fdcb6d8d9cbae338",
            "route_table_id": "rtb-038a3dbf1493c5490",
            "subnet_id": "subnet-070fe3256e55e5e94",
            "timeouts": null
          },
          "sensitive_attributes": [],
          "identity_schema_version": 0,
          "private": "eyJlMmJmYjczMC1lY2FhLTExZTYtOGY4OC0zNDM2M2JjN2M0YzAiOnsiY3JlYXRlIjozMDAwMDAwMDAwMDAsImRlbGV0ZSI6MzAwMDAwMDAwMDAwLCJ1cGRhdGUiOjEyMDAwMDAwMDAwMH19",
          "dependencies": [
            "module.networking.aws_route_table.nat_public_b",
            "module.networking.aws_subnet.privat_subnet_b",
            "module.networking.aws_vpc.main"
          ]
        }
      ]
    },
    {
      "module": "module.networking",
      "mode": "managed",
      "type": "aws_route_table_association",
      "name": "rta_subnet_association_puba",
      "provider": "provider[\"registry.terraform.io/hashicorp/aws\"]",
      "instances": [
        {
          "schema_version": 0,
          "attributes": {
            "gateway_id": "",
            "id": "rtbassoc-0555726f5550e1565",
            "route_table_id": "rtb-08830067708d8acc8",
            "subnet_id": "subnet-0b31ebf77ee525715",
            "timeouts": null
          },
          "sensitive_attributes": [],
          "identity_schema_version": 0,
          "private": "eyJlMmJmYjczMC1lY2FhLTExZTYtOGY4OC0zNDM2M2JjN2M0YzAiOnsiY3JlYXRlIjozMDAwMDAwMDAwMDAsImRlbGV0ZSI6MzAwMDAwMDAwMDAwLCJ1cGRhdGUiOjEyMDAwMDAwMDAwMH19",
          "dependencies": [
            "module.networking.aws_route_table.rtb_public",
            "module.networking.aws_subnet.public_subnet_a",
            "module.networking.aws_vpc.main"
          ]
        }
      ]
    },
    {
      "module": "module.networking",
      "mode": "managed",
      "type": "aws_route_table_association",
      "name": "rta_subnet_association_pubb",
      "provider": "provider[\"registry.terraform.io/hashicorp/aws\"]",
      "instances": [
        {
          "schema_version": 0,
          "attributes": {
            "gateway_id": "",
            "id": "rtbassoc-0d546fdf16578e4cb",
            "route_table_id": "rtb-08830067708d8acc8",
            "subnet_id": "subnet-017ac75d3a87a4eed",
            "timeouts": null
          },
          "sensitive_attributes": [],
          "identity_schema_version": 0,
          "private": "eyJlMmJmYjczMC1lY2FhLTExZTYtOGY4OC0zNDM2M2JjN2M0YzAiOnsiY3JlYXRlIjozMDAwMDAwMDAwMDAsImRlbGV0ZSI6MzAwMDAwMDAwMDAwLCJ1cGRhdGUiOjEyMDAwMDAwMDAwMH19",
          "dependencies": [
            "module.networking.aws_route_table.rtb_public",
            "module.networking.aws_subnet.public_subnet_b",
            "module.networking.aws_vpc.main"
          ]
        }
      ]
    },
    {
      "module": "module.networking",
      "mode": "managed",
      "type": "aws_subnet",
      "name": "privat_subnet_a",
      "provider": "provider[\"registry.terraform.io/hashicorp/aws\"]",
      "instances": [
        {
          "schema_version": 1,
          "attributes": {
            "arn": "arn:aws:ec2:eu-west-3:817437954266:subnet/subnet-047baa3bc4e58a25a",
            "assign_ipv6_address_on_creation": false,
            "availability_zone": "eu-west-3a",
            "availability_zone_id": "euw3-az1",
            "cidr_block": "10.0.0.0/19",
            "customer_owned_ipv4_pool": "",
            "enable_dns64": false,
            "enable_lni_at_device_index": 0,
            "enable_resource_name_dns_a_record_on_launch": false,
            "enable_resource_name_dns_aaaa_record_on_launch": false,
            "id": "subnet-047baa3bc4e58a25a",
            "ipv6_cidr_block": "",
            "ipv6_cidr_block_association_id": "",
            "ipv6_native": false,
            "map_customer_owned_ip_on_launch": false,
            "map_public_ip_on_launch": false,
            "outpost_arn": "",
            "owner_id": "817437954266",
            "private_dns_hostname_type_on_launch": "ip-name",
            "tags": {
              "Environment": "dev",
              "Name": "private_subnet_a_dev",
              "Type": "Private"
            },
            "tags_all": {
              "Environment": "dev",
              "Name": "private_subnet_a_dev",
              "Type": "Private"
            },
            "timeouts": null,
            "vpc_id": "vpc-085fe236eec2c02e9"
          },
          "sensitive_attributes": [],
          "identity_schema_version": 0,
          "private": "eyJlMmJmYjczMC1lY2FhLTExZTYtOGY4OC0zNDM2M2JjN2M0YzAiOnsiY3JlYXRlIjo2MDAwMDAwMDAwMDAsImRlbGV0ZSI6MTIwMDAwMDAwMDAwMH0sInNjaGVtYV92ZXJzaW9uIjoiMSJ9",
          "dependencies": [
            "module.networking.aws_vpc.main"
          ],
          "create_before_destroy": true
        }
      ]
    },
    {
      "module": "module.networking",
      "mode": "managed",
      "type": "aws_subnet",
      "name": "privat_subnet_b",
      "provider": "provider[\"registry.terraform.io/hashicorp/aws\"]",
      "instances": [
        {
          "schema_version": 1,
          "attributes": {
            "arn": "arn:aws:ec2:eu-west-3:817437954266:subnet/subnet-070fe3256e55e5e94",
            "assign_ipv6_address_on_creation": false,
            "availability_zone": "eu-west-3b",
            "availability_zone_id": "euw3-az2",
            "cidr_block": "10.0.32.0/19",
            "customer_owned_ipv4_pool": "",
            "enable_dns64": false,
            "enable_lni_at_device_index": 0,
            "enable_resource_name_dns_a_record_on_launch": false,
            "enable_resource_name_dns_aaaa_record_on_launch": false,
            "id": "subnet-070fe3256e55e5e94",
            "ipv6_cidr_block": "",
            "ipv6_cidr_block_association_id": "",
            "ipv6_native": false,
            "map_customer_owned_ip_on_launch": false,
            "map_public_ip_on_launch": false,
            "outpost_arn": "",
            "owner_id": "817437954266",
            "private_dns_hostname_type_on_launch": "ip-name",
            "tags": {
              "Environment": "dev",
              "Name": "private_subnet_b_dev",
              "Type": "Private"
            },
            "tags_all": {
              "Environment": "dev",
              "Name": "private_subnet_b_dev",
              "Type": "Private"
            },
            "timeouts": null,
            "vpc_id": "vpc-085fe236eec2c02e9"
          },
          "sensitive_attributes": [],
          "identity_schema_version": 0,
          "private": "eyJlMmJmYjczMC1lY2FhLTExZTYtOGY4OC0zNDM2M2JjN2M0YzAiOnsiY3JlYXRlIjo2MDAwMDAwMDAwMDAsImRlbGV0ZSI6MTIwMDAwMDAwMDAwMH0sInNjaGVtYV92ZXJzaW9uIjoiMSJ9",
          "dependencies": [
            "module.networking.aws_vpc.main"
          ],
          "create_before_destroy": true
        }
      ]
    },
    {
      "module": "module.networking",
      "mode": "managed",
      "type": "aws_subnet",
      "name": "public_subnet_a",
      "provider": "provider[\"registry.terraform.io/hashicorp/aws\"]",
      "instances": [
        {
          "schema_version": 1,
          "attributes": {
            "arn": "arn:aws:ec2:eu-west-3:817437954266:subnet/subnet-0b31ebf77ee525715",
            "assign_ipv6_address_on_creation": false,
            "availability_zone": "eu-west-3a",
            "availability_zone_id": "euw3-az1",
            "cidr_block": "10.0.128.0/20",
            "customer_owned_ipv4_pool": "",
            "enable_dns64": false,
            "enable_lni_at_device_index": 0,
            "enable_resource_name_dns_a_record_on_launch": false,
            "enable_resource_name_dns_aaaa_record_on_launch": false,
            "id": "subnet-0b31ebf77ee525715",
            "ipv6_cidr_block": "",
            "ipv6_cidr_block_association_id": "",
            "ipv6_native": false,
            "map_customer_owned_ip_on_launch": false,
            "map_public_ip_on_launch": true,
            "outpost_arn": "",
            "owner_id": "817437954266",
            "private_dns_hostname_type_on_launch": "ip-name",
            "tags": {
              "Environment": "dev",
              "Name": "public_subnet_a_dev",
              "Type": "Public"
            },
            "tags_all": {
              "Environment": "dev",
              "Name": "public_subnet_a_dev",
              "Type": "Public"
            },
            "timeouts": null,
            "vpc_id": "vpc-085fe236eec2c02e9"
          },
          "sensitive_attributes": [],
          "identity_schema_version": 0,
          "private": "eyJlMmJmYjczMC1lY2FhLTExZTYtOGY4OC0zNDM2M2JjN2M0YzAiOnsiY3JlYXRlIjo2MDAwMDAwMDAwMDAsImRlbGV0ZSI6MTIwMDAwMDAwMDAwMH0sInNjaGVtYV92ZXJzaW9uIjoiMSJ9",
          "dependencies": [
            "module.networking.aws_vpc.main"
          ]
        }
      ]
    },
    {
      "module": "module.networking",
      "mode": "managed",
      "type": "aws_subnet",
      "name": "public_subnet_b",
      "provider": "provider[\"registry.terraform.io/hashicorp/aws\"]",
      "instances": [
        {
          "schema_version": 1,
          "attributes": {
            "arn": "arn:aws:ec2:eu-west-3:817437954266:subnet/subnet-017ac75d3a87a4eed",
            "assign_ipv6_address_on_creation": false,
            "availability_zone": "eu-west-3b",
            "availability_zone_id": "euw3-az2",
            "cidr_block": "10.0.144.0/20",
            "customer_owned_ipv4_pool": "",
            "enable_dns64": false,
            "enable_lni_at_device_index": 0,
            "enable_resource_name_dns_a_record_on_launch": false,
            "enable_resource_name_dns_aaaa_record_on_launch": false,
            "id": "subnet-017ac75d3a87a4eed",
            "ipv6_cidr_block": "",
            "ipv6_cidr_block_association_id": "",
            "ipv6_native": false,
            "map_customer_owned_ip_on_launch": false,
            "map_public_ip_on_launch": true,
            "outpost_arn": "",
            "owner_id": "817437954266",
            "private_dns_hostname_type_on_launch": "ip-name",
            "tags": {
              "Environment": "dev",
              "Name": "public_subnet_b_dev",
              "Type": "Public"
            },
            "tags_all": {
              "Environment": "dev",
              "Name": "public_subnet_b_dev",
              "Type": "Public"
            },
            "timeouts": null,
            "vpc_id": "vpc-085fe236eec2c02e9"
          },
          "sensitive_attributes": [],
          "identity_schema_version": 0,
          "private": "eyJlMmJmYjczMC1lY2FhLTExZTYtOGY4OC0zNDM2M2JjN2M0YzAiOnsiY3JlYXRlIjo2MDAwMDAwMDAwMDAsImRlbGV0ZSI6MTIwMDAwMDAwMDAwMH0sInNjaGVtYV92ZXJzaW9uIjoiMSJ9",
          "dependencies": [
            "module.networking.aws_vpc.main"
          ]
        }
      ]
    },
    {
      "module": "module.networking",
      "mode": "managed",
      "type": "aws_vpc",
      "name": "main",
      "provider": "provider[\"registry.terraform.io/hashicorp/aws\"]",
      "instances": [
        {
          "schema_version": 1,
          "attributes": {
            "arn": "arn:aws:ec2:eu-west-3:817437954266:vpc/vpc-085fe236eec2c02e9",
            "assign_generated_ipv6_cidr_block": false,
            "cidr_block": "10.0.0.0/16",
            "default_network_acl_id": "acl-0839693fa7dc2f583",
            "default_route_table_id": "rtb-0d86b7fb646f54fb3",
            "default_security_group_id": "sg-03b98e5204b6f2021",
            "dhcp_options_id": "dopt-0550468d8bcb6d894",
            "enable_dns_hostnames": true,
            "enable_dns_support": true,
            "enable_network_address_usage_metrics": false,
            "id": "vpc-085fe236eec2c02e9",
            "instance_tenancy": "default",
            "ipv4_ipam_pool_id": null,
            "ipv4_netmask_length": null,
            "ipv6_association_id": "",
            "ipv6_cidr_block": "",
            "ipv6_cidr_block_network_border_group": "",
            "ipv6_ipam_pool_id": "",
            "ipv6_netmask_length": 0,
            "main_route_table_id": "rtb-0d86b7fb646f54fb3",
            "owner_id": "817437954266",
            "tags": {
              "Environment": "dev",
              "Name": "dev-vpc"
            },
            "tags_all": {
              "Environment": "dev",
              "Name": "dev-vpc"
            }
          },
          "sensitive_attributes": [],
          "identity_schema_version": 0,
          "private": "eyJzY2hlbWFfdmVyc2lvbiI6IjEifQ==",
          "create_before_destroy": true
        }
      ]
    }
  ],
  "check_results": null
}
